
Microsoft Visual Studio Solution File, Format Version 12.00
# Visual Studio Version 18
VisualStudioVersion = 18.4.11612.150
MinimumVisualStudioVersion = 10.0.40219.1
Project("{FAE04EC0-301F-11D3-BF4B-00C04F79EFBC}") = "MultiplexedRbac.Tests", "Tests\MultiplexedRbac.Tests\MultiplexedRbac.Tests.csproj", "{B232FC1B-0849-48B6-A2CD-313C830743D7}"
EndProject
Project("{2150E333-8FDC-42A3-9474-1A3956D46DE8}") = "Samples", "Samples", "{02EA681E-C7D8-13C7-8484-4AC65E1B71E8}"
EndProject
Project("{FAE04EC0-301F-11D3-BF4B-00C04F79EFBC}") = "MultiplexedRbac.Sample.Crm.Api", "Samples\MultiplexedRbac.Sample.Crm.Api\MultiplexedRbac.Sample.Crm.Api.csproj", "{16FC1BF5-CCA3-455F-BB93-20E4F1A590ED}"
EndProject
Project("{FAE04EC0-301F-11D3-BF4B-00C04F79EFBC}") = "MultiplexedRbac.Sample.Crm.Contracts", "Samples\MultiplexedRbac.Sample.Crm.Contracts\MultiplexedRbac.Sample.Crm.Contracts.csproj", "{39B28B95-65BD-465C-B155-E7BE593ADF48}"
EndProject
Project("{FAE04EC0-301F-11D3-BF4B-00C04F79EFBC}") = "MultiplexedRbac.Sample.Crm.Worker", "Samples\MultiplexedRbac.Sample.Crm.Worker\MultiplexedRbac.Sample.Crm.Worker.csproj", "{58C7ABD7-862D-4B4C-BCED-97A6FB79BA02}"
EndProject
Project("{FAE04EC0-301F-11D3-BF4B-00C04F79EFBC}") = "MultiplexedRbac.Sample.Crm.Services", "Samples\MultiplexedRbac.Sample.Crm.Services\MultiplexedRbac.Sample.Crm.Services.csproj", "{A2FF0F32-C638-47C0-ABAF-B8A357B122A7}"
EndProject
Project("{2150E333-8FDC-42A3-9474-1A3956D46DE8}") = "src", "src", "{827E0CD3-B72D-47B6-A68D-7590B98EB39B}"
EndProject
Project("{2150E333-8FDC-42A3-9474-1A3956D46DE8}") = "Tests", "Tests", "{EAAA2C55-EDF2-4290-A50E-2862652D45B1}"
EndProject
Project("{FAE04EC0-301F-11D3-BF4B-00C04F79EFBC}") = "Multiplexed.Realtime", "src\Multiplexed.Realtime\Multiplexed.Realtime.csproj", "{6B538405-3280-4E1F-B8CF-9941B6F5EBDA}"
EndProject
Project("{FAE04EC0-301F-11D3-BF4B-00C04F79EFBC}") = "Multiplexed.Rbac.Core", "src\Multiplexed.Rbac.Core\Multiplexed.Rbac.Core.csproj", "{117EE01F-747A-4355-8538-23D955F186D3}"
EndProject
Project("{FAE04EC0-301F-11D3-BF4B-00C04F79EFBC}") = "Multiplexed.Abstractions", "src\Multiplexed.Abstractions\Multiplexed.Abstractions.csproj", "{EACDEDB8-5E9B-455D-BC89-7BA107612DF3}"
EndProject
Project("{FAE04EC0-301F-11D3-BF4B-00C04F79EFBC}") = "Multiplexed.AI", "src\Multiplexed.AI\Multiplexed.AI.csproj", "{783F9E60-C976-4C6B-A83B-A7B695BC526D}"
EndProject
Project("{FAE04EC0-301F-11D3-BF4B-00C04F79EFBC}") = "Multiplexed.AI.Tests", "Tests\Multiplexed.AI.Tests\Multiplexed.AI.Tests.csproj", "{DF4D7674-3A01-4D88-9D0D-C23C42F4437E}"
EndProject
Project("{FAE04EC0-301F-11D3-BF4B-00C04F79EFBC}") = "Multiplexed.AI.Tests.Integration", "Tests\Multiplexed.AI.Tests.Integration\Multiplexed.AI.Tests.Integration.csproj", "{78F4D98A-1A77-8500-BA8F-266B06B819DD}"
EndProject
Project("{2150E333-8FDC-42A3-9474-1A3956D46DE8}") = "Solution Items", "Solution Items", "{65B1CACF-61F0-4C5D-B9A2-9913D3529F75}"
	ProjectSection(SolutionItems) = preProject
		.editorconfig = .editorconfig
	EndProjectSection
EndProject
Project("{FAE04EC0-301F-11D3-BF4B-00C04F79EFBC}") = "Multiplexed.Sample.External.Plugins.Rag", "Multiplexed.Sample.External.Plugins.Rag\Multiplexed.Sample.External.Plugins.Rag.csproj", "{00F4992B-0A94-4FB7-839A-1367EB2E237A}"
EndProject
Project("{FAE04EC0-301F-11D3-BF4B-00C04F79EFBC}") = "Multiplexed.Sample.External.Infrastructure.Data", "Multiplexed.Sample.External.Infrastructure.Data\Multiplexed.Sample.External.Infrastructure.Data.csproj", "{56520DB9-E21C-462C-B14D-B1EF9E3EE0B7}"
EndProject
Global
	GlobalSection(SolutionConfigurationPlatforms) = preSolution
		Debug|Any CPU = Debug|Any CPU
		Debug|x64 = Debug|x64
		Debug|x86 = Debug|x86
		Release|Any CPU = Release|Any CPU
		Release|x64 = Release|x64
		Release|x86 = Release|x86
	EndGlobalSection
	GlobalSection(ProjectConfigurationPlatforms) = postSolution
		{B232FC1B-0849-48B6-A2CD-313C830743D7}.Debug|Any CPU.ActiveCfg = Debug|Any CPU
		{B232FC1B-0849-48B6-A2CD-313C830743D7}.Debug|Any CPU.Build.0 = Debug|Any CPU
		{B232FC1B-0849-48B6-A2CD-313C830743D7}.Debug|x64.ActiveCfg = Debug|Any CPU
		{B232FC1B-0849-48B6-A2CD-313C830743D7}.Debug|x64.Build.0 = Debug|Any CPU
		{B232FC1B-0849-48B6-A2CD-313C830743D7}.Debug|x86.ActiveCfg = Debug|Any CPU
		{B232FC1B-0849-48B6-A2CD-313C830743D7}.Debug|x86.Build.0 = Debug|Any CPU
		{B232FC1B-0849-48B6-A2CD-313C830743D7}.Release|Any CPU.ActiveCfg = Release|Any CPU
		{B232FC1B-0849-48B6-A2CD-313C830743D7}.Release|Any CPU.Build.0 = Release|Any CPU
		{B232FC1B-0849-48B6-A2CD-313C830743D7}.Release|x64.ActiveCfg = Release|Any CPU
		{B232FC1B-0849-48B6-A2CD-313C830743D7}.Release|x64.Build.0 = Release|Any CPU
		{B232FC1B-0849-48B6-A2CD-313C830743D7}.Release|x86.ActiveCfg = Release|Any CPU
		{B232FC1B-0849-48B6-A2CD-313C830743D7}.Release|x86.Build.0 = Release|Any CPU
		{16FC1BF5-CCA3-455F-BB93-20E4F1A590ED}.Debug|Any CPU.ActiveCfg = Debug|Any CPU
		{16FC1BF5-CCA3-455F-BB93-20E4F1A590ED}.Debug|Any CPU.Build.0 = Debug|Any CPU
		{16FC1BF5-CCA3-455F-BB93-20E4F1A590ED}.Debug|x64.ActiveCfg = Debug|Any CPU
		{16FC1BF5-CCA3-455F-BB93-20E4F1A590ED}.Debug|x64.Build.0 = Debug|Any CPU
		{16FC1BF5-CCA3-455F-BB93-20E4F1A590ED}.Debug|x86.ActiveCfg = Debug|Any CPU
		{16FC1BF5-CCA3-455F-BB93-20E4F1A590ED}.Debug|x86.Build.0 = Debug|Any CPU
		{16FC1BF5-CCA3-455F-BB93-20E4F1A590ED}.Release|Any CPU.ActiveCfg = Release|Any CPU
		{16FC1BF5-CCA3-455F-BB93-20E4F1A590ED}.Release|Any CPU.Build.0 = Release|Any CPU
		{16FC1BF5-CCA3-455F-BB93-20E4F1A590ED}.Release|x64.ActiveCfg = Release|Any CPU
		{16FC1BF5-CCA3-455F-BB93-20E4F1A590ED}.Release|x64.Build.0 = Release|Any CPU
		{16FC1BF5-CCA3-455F-BB93-20E4F1A590ED}.Release|x86.ActiveCfg = Release|Any CPU
		{16FC1BF5-CCA3-455F-BB93-20E4F1A590ED}.Release|x86.Build.0 = Release|Any CPU
		{39B28B95-65BD-465C-B155-E7BE593ADF48}.Debug|Any CPU.ActiveCfg = Debug|Any CPU
		{39B28B95-65BD-465C-B155-E7BE593ADF48}.Debug|Any CPU.Build.0 = Debug|Any CPU
		{39B28B95-65BD-465C-B155-E7BE593ADF48}.Debug|x64.ActiveCfg = Debug|Any CPU
		{39B28B95-65BD-465C-B155-E7BE593ADF48}.Debug|x64.Build.0 = Debug|Any CPU
		{39B28B95-65BD-465C-B155-E7BE593ADF48}.Debug|x86.ActiveCfg = Debug|Any CPU
		{39B28B95-65BD-465C-B155-E7BE593ADF48}.Debug|x86.Build.0 = Debug|Any CPU
		{39B28B95-65BD-465C-B155-E7BE593ADF48}.Release|Any CPU.ActiveCfg = Release|Any CPU
		{39B28B95-65BD-465C-B155-E7BE593ADF48}.Release|Any CPU.Build.0 = Release|Any CPU
		{39B28B95-65BD-465C-B155-E7BE593ADF48}.Release|x64.ActiveCfg = Release|Any CPU
		{39B28B95-65BD-465C-B155-E7BE593ADF48}.Release|x64.Build.0 = Release|Any CPU
		{39B28B95-65BD-465C-B155-E7BE593ADF48}.Release|x86.ActiveCfg = Release|Any CPU
		{39B28B95-65BD-465C-B155-E7BE593ADF48}.Release|x86.Build.0 = Release|Any CPU
		{58C7ABD7-862D-4B4C-BCED-97A6FB79BA02}.Debug|Any CPU.ActiveCfg = Debug|Any CPU
		{58C7ABD7-862D-4B4C-BCED-97A6FB79BA02}.Debug|Any CPU.Build.0 = Debug|Any CPU
		{58C7ABD7-862D-4B4C-BCED-97A6FB79BA02}.Debug|x64.ActiveCfg = Debug|Any CPU
		{58C7ABD7-862D-4B4C-BCED-97A6FB79BA02}.Debug|x64.Build.0 = Debug|Any CPU
		{58C7ABD7-862D-4B4C-BCED-97A6FB79BA02}.Debug|x86.ActiveCfg = Debug|Any CPU
		{58C7ABD7-862D-4B4C-BCED-97A6FB79BA02}.Debug|x86.Build.0 = Debug|Any CPU
		{58C7ABD7-862D-4B4C-BCED-97A6FB79BA02}.Release|Any CPU.ActiveCfg = Release|Any CPU
		{58C7ABD7-862D-4B4C-BCED-97A6FB79BA02}.Release|Any CPU.Build.0 = Release|Any CPU
		{58C7ABD7-862D-4B4C-BCED-97A6FB79BA02}.Release|x64.ActiveCfg = Release|Any CPU
		{58C7ABD7-862D-4B4C-BCED-97A6FB79BA02}.Release|x64.Build.0 = Release|Any CPU
		{58C7ABD7-862D-4B4C-BCED-97A6FB79BA02}.Release|x86.ActiveCfg = Release|Any CPU
		{58C7ABD7-862D-4B4C-BCED-97A6FB79BA02}.Release|x86.Build.0 = Release|Any CPU
		{A2FF0F32-C638-47C0-ABAF-B8A357B122A7}.Debug|Any CPU.ActiveCfg = Debug|Any CPU
		{A2FF0F32-C638-47C0-ABAF-B8A357B122A7}.Debug|Any CPU.Build.0 = Debug|Any CPU
		{A2FF0F32-C638-47C0-ABAF-B8A357B122A7}.Debug|x64.ActiveCfg = Debug|Any CPU
		{A2FF0F32-C638-47C0-ABAF-B8A357B122A7}.Debug|x64.Build.0 = Debug|Any CPU
		{A2FF0F32-C638-47C0-ABAF-B8A357B122A7}.Debug|x86.ActiveCfg = Debug|Any CPU
		{A2FF0F32-C638-47C0-ABAF-B8A357B122A7}.Debug|x86.Build.0 = Debug|Any CPU
		{A2FF0F32-C638-47C0-ABAF-B8A357B122A7}.Release|Any CPU.ActiveCfg = Release|Any CPU
		{A2FF0F32-C638-47C0-ABAF-B8A357B122A7}.Release|Any CPU.Build.0 = Release|Any CPU
		{A2FF0F32-C638-47C0-ABAF-B8A357B122A7}.Release|x64.ActiveCfg = Release|Any CPU
		{A2FF0F32-C638-47C0-ABAF-B8A357B122A7}.Release|x64.Build.0 = Release|Any CPU
		{A2FF0F32-C638-47C0-ABAF-B8A357B122A7}.Release|x86.ActiveCfg = Release|Any CPU
		{A2FF0F32-C638-47C0-ABAF-B8A357B122A7}.Release|x86.Build.0 = Release|Any CPU
		{6B538405-3280-4E1F-B8CF-9941B6F5EBDA}.Debug|Any CPU.ActiveCfg = Debug|Any CPU
		{6B538405-3280-4E1F-B8CF-9941B6F5EBDA}.Debug|Any CPU.Build.0 = Debug|Any CPU
		{6B538405-3280-4E1F-B8CF-9941B6F5EBDA}.Debug|x64.ActiveCfg = Debug|Any CPU
		{6B538405-3280-4E1F-B8CF-9941B6F5EBDA}.Debug|x64.Build.0 = Debug|Any CPU
		{6B538405-3280-4E1F-B8CF-9941B6F5EBDA}.Debug|x86.ActiveCfg = Debug|Any CPU
		{6B538405-3280-4E1F-B8CF-9941B6F5EBDA}.Debug|x86.Build.0 = Debug|Any CPU
		{6B538405-3280-4E1F-B8CF-9941B6F5EBDA}.Release|Any CPU.ActiveCfg = Release|Any CPU
		{6B538405-3280-4E1F-B8CF-9941B6F5EBDA}.Release|Any CPU.Build.0 = Release|Any CPU
		{6B538405-3280-4E1F-B8CF-9941B6F5EBDA}.Release|x64.ActiveCfg = Release|Any CPU
		{6B538405-3280-4E1F-B8CF-9941B6F5EBDA}.Release|x64.Build.0 = Release|Any CPU
		{6B538405-3280-4E1F-B8CF-9941B6F5EBDA}.Release|x86.ActiveCfg = Release|Any CPU
		{6B538405-3280-4E1F-B8CF-9941B6F5EBDA}.Release|x86.Build.0 = Release|Any CPU
		{117EE01F-747A-4355-8538-23D955F186D3}.Debug|Any CPU.ActiveCfg = Debug|Any CPU
		{117EE01F-747A-4355-8538-23D955F186D3}.Debug|Any CPU.Build.0 = Debug|Any CPU
		{117EE01F-747A-4355-8538-23D955F186D3}.Debug|x64.ActiveCfg = Debug|Any CPU
		{117EE01F-747A-4355-8538-23D955F186D3}.Debug|x64.Build.0 = Debug|Any CPU
		{117EE01F-747A-4355-8538-23D955F186D3}.Debug|x86.ActiveCfg = Debug|Any CPU
		{117EE01F-747A-4355-8538-23D955F186D3}.Debug|x86.Build.0 = Debug|Any CPU
		{117EE01F-747A-4355-8538-23D955F186D3}.Release|Any CPU.ActiveCfg = Release|Any CPU
		{117EE01F-747A-4355-8538-23D955F186D3}.Release|Any CPU.Build.0 = Release|Any CPU
		{117EE01F-747A-4355-8538-23D955F186D3}.Release|x64.ActiveCfg = Release|Any CPU
		{117EE01F-747A-4355-8538-23D955F186D3}.Release|x64.Build.0 = Release|Any CPU
		{117EE01F-747A-4355-8538-23D955F186D3}.Release|x86.ActiveCfg = Release|Any CPU
		{117EE01F-747A-4355-8538-23D955F186D3}.Release|x86.Build.0 = Release|Any CPU
		{EACDEDB8-5E9B-455D-BC89-7BA107612DF3}.Debug|Any CPU.ActiveCfg = Debug|Any CPU
		{EACDEDB8-5E9B-455D-BC89-7BA107612DF3}.Debug|Any CPU.Build.0 = Debug|Any CPU
		{EACDEDB8-5E9B-455D-BC89-7BA107612DF3}.Debug|x64.ActiveCfg = Debug|Any CPU
		{EACDEDB8-5E9B-455D-BC89-7BA107612DF3}.Debug|x64.Build.0 = Debug|Any CPU
		{EACDEDB8-5E9B-455D-BC89-7BA107612DF3}.Debug|x86.ActiveCfg = Debug|Any CPU
		{EACDEDB8-5E9B-455D-BC89-7BA107612DF3}.Debug|x86.Build.0 = Debug|Any CPU
		{EACDEDB8-5E9B-455D-BC89-7BA107612DF3}.Release|Any CPU.ActiveCfg = Release|Any CPU
		{EACDEDB8-5E9B-455D-BC89-7BA107612DF3}.Release|Any CPU.Build.0 = Release|Any CPU
		{EACDEDB8-5E9B-455D-BC89-7BA107612DF3}.Release|x64.ActiveCfg = Release|Any CPU
		{EACDEDB8-5E9B-455D-BC89-7BA107612DF3}.Release|x64.Build.0 = Release|Any CPU
		{EACDEDB8-5E9B-455D-BC89-7BA107612DF3}.Release|x86.ActiveCfg = Release|Any CPU
		{EACDEDB8-5E9B-455D-BC89-7BA107612DF3}.Release|x86.Build.0 = Release|Any CPU
		{783F9E60-C976-4C6B-A83B-A7B695BC526D}.Debug|Any CPU.ActiveCfg = Debug|Any CPU
		{783F9E60-C976-4C6B-A83B-A7B695BC526D}.Debug|Any CPU.Build.0 = Debug|Any CPU
		{783F9E60-C976-4C6B-A83B-A7B695BC526D}.Debug|x64.ActiveCfg = Debug|Any CPU
		{783F9E60-C976-4C6B-A83B-A7B695BC526D}.Debug|x64.Build.0 = Debug|Any CPU
		{783F9E60-C976-4C6B-A83B-A7B695BC526D}.Debug|x86.ActiveCfg = Debug|Any CPU
		{783F9E60-C976-4C6B-A83B-A7B695BC526D}.Debug|x86.Build.0 = Debug|Any CPU
		{783F9E60-C976-4C6B-A83B-A7B695BC526D}.Release|Any CPU.ActiveCfg = Release|Any CPU
		{783F9E60-C976-4C6B-A83B-A7B695BC526D}.Release|Any CPU.Build.0 = Release|Any CPU
		{783F9E60-C976-4C6B-A83B-A7B695BC526D}.Release|x64.ActiveCfg = Release|Any CPU
		{783F9E60-C976-4C6B-A83B-A7B695BC526D}.Release|x64.Build.0 = Release|Any CPU
		{783F9E60-C976-4C6B-A83B-A7B695BC526D}.Release|x86.ActiveCfg = Release|Any CPU
		{783F9E60-C976-4C6B-A83B-A7B695BC526D}.Release|x86.Build.0 = Release|Any CPU
		{DF4D7674-3A01-4D88-9D0D-C23C42F4437E}.Debug|Any CPU.ActiveCfg = Debug|Any CPU
		{DF4D7674-3A01-4D88-9D0D-C23C42F4437E}.Debug|Any CPU.Build.0 = Debug|Any CPU
		{DF4D7674-3A01-4D88-9D0D-C23C42F4437E}.Debug|x64.ActiveCfg = Debug|Any CPU
		{DF4D7674-3A01-4D88-9D0D-C23C42F4437E}.Debug|x64.Build.0 = Debug|Any CPU
		{DF4D7674-3A01-4D88-9D0D-C23C42F4437E}.Debug|x86.ActiveCfg = Debug|Any CPU
		{DF4D7674-3A01-4D88-9D0D-C23C42F4437E}.Debug|x86.Build.0 = Debug|Any CPU
		{DF4D7674-3A01-4D88-9D0D-C23C42F4437E}.Release|Any CPU.ActiveCfg = Release|Any CPU
		{DF4D7674-3A01-4D88-9D0D-C23C42F4437E}.Release|Any CPU.Build.0 = Release|Any CPU
		{DF4D7674-3A01-4D88-9D0D-C23C42F4437E}.Release|x64.ActiveCfg = Release|Any CPU
		{DF4D7674-3A01-4D88-9D0D-C23C42F4437E}.Release|x64.Build.0 = Release|Any CPU
		{DF4D7674-3A01-4D88-9D0D-C23C42F4437E}.Release|x86.ActiveCfg = Release|Any CPU
		{DF4D7674-3A01-4D88-9D0D-C23C42F4437E}.Release|x86.Build.0 = Release|Any CPU
		{78F4D98A-1A77-8500-BA8F-266B06B819DD}.Debug|Any CPU.ActiveCfg = Debug|Any CPU
		{78F4D98A-1A77-8500-BA8F-266B06B819DD}.Debug|Any CPU.Build.0 = Debug|Any CPU
		{78F4D98A-1A77-8500-BA8F-266B06B819DD}.Debug|x64.ActiveCfg = Debug|Any CPU
		{78F4D98A-1A77-8500-BA8F-266B06B819DD}.Debug|x64.Build.0 = Debug|Any CPU
		{78F4D98A-1A77-8500-BA8F-266B06B819DD}.Debug|x86.ActiveCfg = Debug|Any CPU
		{78F4D98A-1A77-8500-BA8F-266B06B819DD}.Debug|x86.Build.0 = Debug|Any CPU
		{78F4D98A-1A77-8500-BA8F-266B06B819DD}.Release|Any CPU.ActiveCfg = Release|Any CPU
		{78F4D98A-1A77-8500-BA8F-266B06B819DD}.Release|Any CPU.Build.0 = Release|Any CPU
		{78F4D98A-1A77-8500-BA8F-266B06B819DD}.Release|x64.ActiveCfg = Release|Any CPU
		{78F4D98A-1A77-8500-BA8F-266B06B819DD}.Release|x64.Build.0 = Release|Any CPU
		{78F4D98A-1A77-8500-BA8F-266B06B819DD}.Release|x86.ActiveCfg = Release|Any CPU
		{78F4D98A-1A77-8500-BA8F-266B06B819DD}.Release|x86.Build.0 = Release|Any CPU
		{00F4992B-0A94-4FB7-839A-1367EB2E237A}.Debug|Any CPU.ActiveCfg = Debug|Any CPU
		{00F4992B-0A94-4FB7-839A-1367EB2E237A}.Debug|Any CPU.Build.0 = Debug|Any CPU
		{00F4992B-0A94-4FB7-839A-1367EB2E237A}.Debug|x64.ActiveCfg = Debug|Any CPU
		{00F4992B-0A94-4FB7-839A-1367EB2E237A}.Debug|x64.Build.0 = Debug|Any CPU
		{00F4992B-0A94-4FB7-839A-1367EB2E237A}.Debug|x86.ActiveCfg = Debug|Any CPU
		{00F4992B-0A94-4FB7-839A-1367EB2E237A}.Debug|x86.Build.0 = Debug|Any CPU
		{00F4992B-0A94-4FB7-839A-1367EB2E237A}.Release|Any CPU.ActiveCfg = Release|Any CPU
		{00F4992B-0A94-4FB7-839A-1367EB2E237A}.Release|Any CPU.Build.0 = Release|Any CPU
		{00F4992B-0A94-4FB7-839A-1367EB2E237A}.Release|x64.ActiveCfg = Release|Any CPU
		{00F4992B-0A94-4FB7-839A-1367EB2E237A}.Release|x64.Build.0 = Release|Any CPU
		{00F4992B-0A94-4FB7-839A-1367EB2E237A}.Release|x86.ActiveCfg = Release|Any CPU
		{00F4992B-0A94-4FB7-839A-1367EB2E237A}.Release|x86.Build.0 = Release|Any CPU
		{56520DB9-E21C-462C-B14D-B1EF9E3EE0B7}.Debug|Any CPU.ActiveCfg = Debug|Any CPU
		{56520DB9-E21C-462C-B14D-B1EF9E3EE0B7}.Debug|Any CPU.Build.0 = Debug|Any CPU
		{56520DB9-E21C-462C-B14D-B1EF9E3EE0B7}.Debug|x64.ActiveCfg = Debug|Any CPU
		{56520DB9-E21C-462C-B14D-B1EF9E3EE0B7}.Debug|x64.Build.0 = Debug|Any CPU
		{56520DB9-E21C-462C-B14D-B1EF9E3EE0B7}.Debug|x86.ActiveCfg = Debug|Any CPU
		{56520DB9-E21C-462C-B14D-B1EF9E3EE0B7}.Debug|x86.Build.0 = Debug|Any CPU
		{56520DB9-E21C-462C-B14D-B1EF9E3EE0B7}.Release|Any CPU.ActiveCfg = Release|Any CPU
		{56520DB9-E21C-462C-B14D-B1EF9E3EE0B7}.Release|Any CPU.Build.0 = Release|Any CPU
		{56520DB9-E21C-462C-B14D-B1EF9E3EE0B7}.Release|x64.ActiveCfg = Release|Any CPU
		{56520DB9-E21C-462C-B14D-B1EF9E3EE0B7}.Release|x64.Build.0 = Release|Any CPU
		{56520DB9-E21C-462C-B14D-B1EF9E3EE0B7}.Release|x86.ActiveCfg = Release|Any CPU
		{56520DB9-E21C-462C-B14D-B1EF9E3EE0B7}.Release|x86.Build.0 = Release|Any CPU
	EndGlobalSection
	GlobalSection(SolutionProperties) = preSolution
		HideSolutionNode = FALSE
	EndGlobalSection
	GlobalSection(NestedProjects) = preSolution
		{B232FC1B-0849-48B6-A2CD-313C830743D7} = {EAAA2C55-EDF2-4290-A50E-2862652D45B1}
		{16FC1BF5-CCA3-455F-BB93-20E4F1A590ED} = {02EA681E-C7D8-13C7-8484-4AC65E1B71E8}
		{39B28B95-65BD-465C-B155-E7BE593ADF48} = {02EA681E-C7D8-13C7-8484-4AC65E1B71E8}
		{58C7ABD7-862D-4B4C-BCED-97A6FB79BA02} = {02EA681E-C7D8-13C7-8484-4AC65E1B71E8}
		{A2FF0F32-C638-47C0-ABAF-B8A357B122A7} = {02EA681E-C7D8-13C7-8484-4AC65E1B71E8}
		{6B538405-3280-4E1F-B8CF-9941B6F5EBDA} = {827E0CD3-B72D-47B6-A68D-7590B98EB39B}
		{117EE01F-747A-4355-8538-23D955F186D3} = {827E0CD3-B72D-47B6-A68D-7590B98EB39B}
		{EACDEDB8-5E9B-455D-BC89-7BA107612DF3} = {827E0CD3-B72D-47B6-A68D-7590B98EB39B}
		{783F9E60-C976-4C6B-A83B-A7B695BC526D} = {827E0CD3-B72D-47B6-A68D-7590B98EB39B}
		{DF4D7674-3A01-4D88-9D0D-C23C42F4437E} = {EAAA2C55-EDF2-4290-A50E-2862652D45B1}
		{78F4D98A-1A77-8500-BA8F-266B06B819DD} = {EAAA2C55-EDF2-4290-A50E-2862652D45B1}
		{00F4992B-0A94-4FB7-839A-1367EB2E237A} = {02EA681E-C7D8-13C7-8484-4AC65E1B71E8}
		{56520DB9-E21C-462C-B14D-B1EF9E3EE0B7} = {02EA681E-C7D8-13C7-8484-4AC65E1B71E8}
	EndGlobalSection
	GlobalSection(ExtensibilityGlobals) = postSolution
		SolutionGuid = {AA104CB6-C440-4704-8642-3A2BE25D6CA3}
	EndGlobalSection
EndGlobal
