
Microsoft Visual Studio Solution File, Format Version 12.00
# Visual Studio Version 17
VisualStudioVersion = 17.13.35931.197
MinimumVisualStudioVersion = 10.0.40219.1
Project("{FAE04EC0-301F-11D3-BF4B-00C04F79EFBC}") = "multiplexed-rbac-dotnet", "multiplexed-rbac-dotnet\multiplexed-rbac-dotnet.csproj", "{B8A05922-45CB-4DB3-BC51-8727173230C6}"
EndProject
Project("{FAE04EC0-301F-11D3-BF4B-00C04F79EFBC}") = "MultiplexedRbac.Tests", "Tests\MultiplexedRbac.Tests\MultiplexedRbac.Tests.csproj", "{B232FC1B-0849-48B6-A2CD-313C830743D7}"
EndProject
Project("{2150E333-8FDC-42A3-9474-1A3956D46DE8}") = "Samples", "Samples", "{02EA681E-C7D8-13C7-8484-4AC65E1B71E8}"
EndProject
Project("{FAE04EC0-301F-11D3-BF4B-00C04F79EFBC}") = "MultiplexedRbac.Sample.Crm.Api", "Samples\MultiplexedRbac.Sample.Crm.Api\MultiplexedRbac.Sample.Crm.Api.csproj", "{16FC1BF5-CCA3-455F-BB93-20E4F1A590ED}"
EndProject
Project("{FAE04EC0-301F-11D3-BF4B-00C04F79EFBC}") = "MultiplexedRbac.Sample.Crm.Contracts", "Samples\MultiplexedRbac.Sample.Crm.Contracts\MultiplexedRbac.Sample.Crm.Contracts.csproj", "{39B28B95-65BD-465C-B155-E7BE593ADF48}"
EndProject
Project("{FAE04EC0-301F-11D3-BF4B-00C04F79EFBC}") = "MultiplexedRbac.Sample.Crm.Worker", "Samples\MultiplexedRbac.Sample.Crm.Worker\MultiplexedRbac.Sample.Crm.Worker.csproj", "{58C7ABD7-862D-4B4C-BCED-97A6FB79BA02}"
EndProject
Project("{FAE04EC0-301F-11D3-BF4B-00C04F79EFBC}") = "MultiplexedRbac.Sample.Crm.Services", "Samples\MultiplexedRbac.Sample.Crm.Services\MultiplexedRbac.Sample.Crm.Services.csproj", "{A2FF0F32-C638-47C0-ABAF-B8A357B122A7}"
EndProject
Project("{2150E333-8FDC-42A3-9474-1A3956D46DE8}") = "Tests", "Tests", "{604137C6-3018-4CAA-A4CA-7270BE1E63B5}"
EndProject
Global
	GlobalSection(SolutionConfigurationPlatforms) = preSolution
		Debug|Any CPU = Debug|Any CPU
		Release|Any CPU = Release|Any CPU
	EndGlobalSection
	GlobalSection(ProjectConfigurationPlatforms) = postSolution
		{B8A05922-45CB-4DB3-BC51-8727173230C6}.Debug|Any CPU.ActiveCfg = Debug|Any CPU
		{B8A05922-45CB-4DB3-BC51-8727173230C6}.Debug|Any CPU.Build.0 = Debug|Any CPU
		{B8A05922-45CB-4DB3-BC51-8727173230C6}.Release|Any CPU.ActiveCfg = Release|Any CPU
		{B8A05922-45CB-4DB3-BC51-8727173230C6}.Release|Any CPU.Build.0 = Release|Any CPU
		{B232FC1B-0849-48B6-A2CD-313C830743D7}.Debug|Any CPU.ActiveCfg = Debug|Any CPU
		{B232FC1B-0849-48B6-A2CD-313C830743D7}.Debug|Any CPU.Build.0 = Debug|Any CPU
		{B232FC1B-0849-48B6-A2CD-313C830743D7}.Release|Any CPU.ActiveCfg = Release|Any CPU
		{B232FC1B-0849-48B6-A2CD-313C830743D7}.Release|Any CPU.Build.0 = Release|Any CPU
		{16FC1BF5-CCA3-455F-BB93-20E4F1A590ED}.Debug|Any CPU.ActiveCfg = Debug|Any CPU
		{16FC1BF5-CCA3-455F-BB93-20E4F1A590ED}.Debug|Any CPU.Build.0 = Debug|Any CPU
		{16FC1BF5-CCA3-455F-BB93-20E4F1A590ED}.Release|Any CPU.ActiveCfg = Release|Any CPU
		{16FC1BF5-CCA3-455F-BB93-20E4F1A590ED}.Release|Any CPU.Build.0 = Release|Any CPU
		{39B28B95-65BD-465C-B155-E7BE593ADF48}.Debug|Any CPU.ActiveCfg = Debug|Any CPU
		{39B28B95-65BD-465C-B155-E7BE593ADF48}.Debug|Any CPU.Build.0 = Debug|Any CPU
		{39B28B95-65BD-465C-B155-E7BE593ADF48}.Release|Any CPU.ActiveCfg = Release|Any CPU
		{39B28B95-65BD-465C-B155-E7BE593ADF48}.Release|Any CPU.Build.0 = Release|Any CPU
		{58C7ABD7-862D-4B4C-BCED-97A6FB79BA02}.Debug|Any CPU.ActiveCfg = Debug|Any CPU
		{58C7ABD7-862D-4B4C-BCED-97A6FB79BA02}.Debug|Any CPU.Build.0 = Debug|Any CPU
		{58C7ABD7-862D-4B4C-BCED-97A6FB79BA02}.Release|Any CPU.ActiveCfg = Release|Any CPU
		{58C7ABD7-862D-4B4C-BCED-97A6FB79BA02}.Release|Any CPU.Build.0 = Release|Any CPU
		{A2FF0F32-C638-47C0-ABAF-B8A357B122A7}.Debug|Any CPU.ActiveCfg = Debug|Any CPU
		{A2FF0F32-C638-47C0-ABAF-B8A357B122A7}.Debug|Any CPU.Build.0 = Debug|Any CPU
		{A2FF0F32-C638-47C0-ABAF-B8A357B122A7}.Release|Any CPU.ActiveCfg = Release|Any CPU
		{A2FF0F32-C638-47C0-ABAF-B8A357B122A7}.Release|Any CPU.Build.0 = Release|Any CPU
	EndGlobalSection
	GlobalSection(SolutionProperties) = preSolution
		HideSolutionNode = FALSE
	EndGlobalSection
	GlobalSection(NestedProjects) = preSolution
		{16FC1BF5-CCA3-455F-BB93-20E4F1A590ED} = {02EA681E-C7D8-13C7-8484-4AC65E1B71E8}
		{39B28B95-65BD-465C-B155-E7BE593ADF48} = {02EA681E-C7D8-13C7-8484-4AC65E1B71E8}
		{58C7ABD7-862D-4B4C-BCED-97A6FB79BA02} = {02EA681E-C7D8-13C7-8484-4AC65E1B71E8}
		{A2FF0F32-C638-47C0-ABAF-B8A357B122A7} = {02EA681E-C7D8-13C7-8484-4AC65E1B71E8}
	EndGlobalSection
	GlobalSection(ExtensibilityGlobals) = postSolution
		SolutionGuid = {AA104CB6-C440-4704-8642-3A2BE25D6CA3}
	EndGlobalSection
EndGlobal
